// !$*UTF8*$!
{
	archiveVersion = 1;
	classes = {
	};
	objectVersion = 46;
	objects = {

/* Begin PBXBuildFile section */
		1D258E8D1C434FB30015EA93 /* MKRestoreGoods.swift in Sources */ = {isa = PBXBuildFile; fileRef = 1D258E8C1C434FB30015EA93 /* MKRestoreGoods.swift */; };
		1D258E8F1C4380C50015EA93 /* MKMyOrderManager.swift in Sources */ = {isa = PBXBuildFile; fileRef = 1D258E8E1C4380C50015EA93 /* MKMyOrderManager.swift */; };
		1D258E911C4381650015EA93 /* MKOrderAccess.swift in Sources */ = {isa = PBXBuildFile; fileRef = 1D258E901C4381650015EA93 /* MKOrderAccess.swift */; };
		1D258E931C43831D0015EA93 /* MKOrder.swift in Sources */ = {isa = PBXBuildFile; fileRef = 1D258E921C43831D0015EA93 /* MKOrder.swift */; };
		1D258E951C4385B60015EA93 /* MKOrderChangeDeliver.swift in Sources */ = {isa = PBXBuildFile; fileRef = 1D258E941C4385B60015EA93 /* MKOrderChangeDeliver.swift */; };
		1D258E971C4389950015EA93 /* MKOrderGoods.swift in Sources */ = {isa = PBXBuildFile; fileRef = 1D258E961C4389950015EA93 /* MKOrderGoods.swift */; };
		1D258E991C438A090015EA93 /* MKGoodsExceptionData.swift in Sources */ = {isa = PBXBuildFile; fileRef = 1D258E981C438A090015EA93 /* MKGoodsExceptionData.swift */; };
		1D258E9D1C438EC30015EA93 /* MKOrderPromotion.swift in Sources */ = {isa = PBXBuildFile; fileRef = 1D258E9C1C438EC30015EA93 /* MKOrderPromotion.swift */; };
		1D258E9F1C43AD760015EA93 /* MKAddress.swift in Sources */ = {isa = PBXBuildFile; fileRef = 1D258E9E1C43AD760015EA93 /* MKAddress.swift */; };
		1D258EA11C43B09D0015EA93 /* MKOrderConfirm.swift in Sources */ = {isa = PBXBuildFile; fileRef = 1D258EA01C43B09D0015EA93 /* MKOrderConfirm.swift */; };
		1D258EA31C43B0E10015EA93 /* MKShippingTime.swift in Sources */ = {isa = PBXBuildFile; fileRef = 1D258EA21C43B0E10015EA93 /* MKShippingTime.swift */; };
		1D258EA51C44AE4B0015EA93 /* MKStringExtention.swift in Sources */ = {isa = PBXBuildFile; fileRef = 1D258EA41C44AE4B0015EA93 /* MKStringExtention.swift */; };
		1D258EAA1C44D2BE0015EA93 /* MKDictionaryExtention.swift in Sources */ = {isa = PBXBuildFile; fileRef = 1D258EA91C44D2BD0015EA93 /* MKDictionaryExtention.swift */; };
		1D258EAD1C4509A40015EA93 /* MKBaseTableViewCell.swift in Sources */ = {isa = PBXBuildFile; fileRef = 1D258EAC1C4509A40015EA93 /* MKBaseTableViewCell.swift */; };
		1D258EAF1C450AA50015EA93 /* MKMyOrderCell.swift in Sources */ = {isa = PBXBuildFile; fileRef = 1D258EAE1C450AA50015EA93 /* MKMyOrderCell.swift */; };
		1D258EB11C45123B0015EA93 /* MKMyOrderGoodsView.swift in Sources */ = {isa = PBXBuildFile; fileRef = 1D258EB01C45123B0015EA93 /* MKMyOrderGoodsView.swift */; };
		1D633BBC1C216FD00068E44D /* AppDelegate.swift in Sources */ = {isa = PBXBuildFile; fileRef = 1D633BBB1C216FD00068E44D /* AppDelegate.swift */; };
		1D633BC11C216FD00068E44D /* Main.storyboard in Resources */ = {isa = PBXBuildFile; fileRef = 1D633BBF1C216FD00068E44D /* Main.storyboard */; };
		1D633BC31C216FD00068E44D /* Assets.xcassets in Resources */ = {isa = PBXBuildFile; fileRef = 1D633BC21C216FD00068E44D /* Assets.xcassets */; };
		1D633BC61C216FD00068E44D /* LaunchScreen.storyboard in Resources */ = {isa = PBXBuildFile; fileRef = 1D633BC41C216FD00068E44D /* LaunchScreen.storyboard */; };
		1D633BD11C216FD00068E44D /* MyKitchenTests.swift in Sources */ = {isa = PBXBuildFile; fileRef = 1D633BD01C216FD00068E44D /* MyKitchenTests.swift */; };
		1D633BDC1C216FD00068E44D /* MyKitchenUITests.swift in Sources */ = {isa = PBXBuildFile; fileRef = 1D633BDB1C216FD00068E44D /* MyKitchenUITests.swift */; };
		1D633BEB1C2171050068E44D /* MkBaseTabBarViewController.swift in Sources */ = {isa = PBXBuildFile; fileRef = 1D633BEA1C2171050068E44D /* MkBaseTabBarViewController.swift */; };
		1D633BED1C2171320068E44D /* MKBaseNavViewController.swift in Sources */ = {isa = PBXBuildFile; fileRef = 1D633BEC1C2171320068E44D /* MKBaseNavViewController.swift */; };
		1D633BEF1C2171460068E44D /* MKBaseTableViewController.swift in Sources */ = {isa = PBXBuildFile; fileRef = 1D633BEE1C2171460068E44D /* MKBaseTableViewController.swift */; };
		1D633BF11C2171550068E44D /* MKBaseViewController.swift in Sources */ = {isa = PBXBuildFile; fileRef = 1D633BF01C2171550068E44D /* MKBaseViewController.swift */; };
		1D633BF31C2171720068E44D /* MKBaseCollectionViewController.swift in Sources */ = {isa = PBXBuildFile; fileRef = 1D633BF21C2171720068E44D /* MKBaseCollectionViewController.swift */; };
		1D633BF61C2172230068E44D /* MKObject.swift in Sources */ = {isa = PBXBuildFile; fileRef = 1D633BF51C2172230068E44D /* MKObject.swift */; };
		1D633BF81C21727D0068E44D /* MKViewControllerManager.swift in Sources */ = {isa = PBXBuildFile; fileRef = 1D633BF71C21727D0068E44D /* MKViewControllerManager.swift */; };
		1D6795181C2297B700A37A83 /* Order.storyboard in Resources */ = {isa = PBXBuildFile; fileRef = 1D6795171C2297B700A37A83 /* Order.storyboard */; };
		1D67951A1C2297C800A37A83 /* Carts.storyboard in Resources */ = {isa = PBXBuildFile; fileRef = 1D6795191C2297C800A37A83 /* Carts.storyboard */; };
		1D67951C1C2297DB00A37A83 /* Filter.storyboard in Resources */ = {isa = PBXBuildFile; fileRef = 1D67951B1C2297DB00A37A83 /* Filter.storyboard */; };
		1D67951E1C2297EB00A37A83 /* HomePage.storyboard in Resources */ = {isa = PBXBuildFile; fileRef = 1D67951D1C2297EB00A37A83 /* HomePage.storyboard */; };
		1D6795211C22981600A37A83 /* Profile.storyboard in Resources */ = {isa = PBXBuildFile; fileRef = 1D6795201C22981600A37A83 /* Profile.storyboard */; };
		1D6795241C2298EF00A37A83 /* Settings.storyboard in Resources */ = {isa = PBXBuildFile; fileRef = 1D6795231C2298EF00A37A83 /* Settings.storyboard */; };
		1D6795271C229A9200A37A83 /* MKHomeViewController.swift in Sources */ = {isa = PBXBuildFile; fileRef = 1D6795261C229A9200A37A83 /* MKHomeViewController.swift */; };
		1D67952A1C229ABC00A37A83 /* FileterViewController.swift in Sources */ = {isa = PBXBuildFile; fileRef = 1D6795291C229ABC00A37A83 /* FileterViewController.swift */; };
		1D67952D1C229AD700A37A83 /* MKCartsViewController.swift in Sources */ = {isa = PBXBuildFile; fileRef = 1D67952C1C229AD700A37A83 /* MKCartsViewController.swift */; };
		1D6795301C229AF400A37A83 /* MKOrderViewController.swift in Sources */ = {isa = PBXBuildFile; fileRef = 1D67952F1C229AF400A37A83 /* MKOrderViewController.swift */; };
		1D6795331C229B1000A37A83 /* MKProfileViewController.swift in Sources */ = {isa = PBXBuildFile; fileRef = 1D6795321C229B1000A37A83 /* MKProfileViewController.swift */; };
		1D6795361C229B2D00A37A83 /* MKSettingViewController.swift in Sources */ = {isa = PBXBuildFile; fileRef = 1D6795351C229B2D00A37A83 /* MKSettingViewController.swift */; };
		1D67953A1C22A1FB00A37A83 /* MKLoaderViewManager.swift in Sources */ = {isa = PBXBuildFile; fileRef = 1D6795391C22A1FB00A37A83 /* MKLoaderViewManager.swift */; };
		1D67953C1C22D42100A37A83 /* MKListTabBarViewController.swift in Sources */ = {isa = PBXBuildFile; fileRef = 1D67953B1C22D42100A37A83 /* MKListTabBarViewController.swift */; };
		1D67953E1C23E25300A37A83 /* MKMyOrderTabBarViewController.swift in Sources */ = {isa = PBXBuildFile; fileRef = 1D67953D1C23E25300A37A83 /* MKMyOrderTabBarViewController.swift */; };
		1D6795421C23E48F00A37A83 /* MKEnum.swift in Sources */ = {isa = PBXBuildFile; fileRef = 1D6795411C23E48F00A37A83 /* MKEnum.swift */; };
		1D8967A51C3A494200998655 /* Toast+UIView.m in Sources */ = {isa = PBXBuildFile; fileRef = 1D8967A41C3A494200998655 /* Toast+UIView.m */; };
		1D8967A91C3A495000998655 /* RSProgressHUD.bundle in Resources */ = {isa = PBXBuildFile; fileRef = 1D8967A61C3A495000998655 /* RSProgressHUD.bundle */; };
		1D8967AA1C3A495000998655 /* RSProgressHUD.m in Sources */ = {isa = PBXBuildFile; fileRef = 1D8967A81C3A495000998655 /* RSProgressHUD.m */; };
		1D8967B01C3A496100998655 /* MBProgressHUD+Add.m in Sources */ = {isa = PBXBuildFile; fileRef = 1D8967AC1C3A496100998655 /* MBProgressHUD+Add.m */; };
		1D8967B11C3A496100998655 /* MBProgressHUD.bundle in Resources */ = {isa = PBXBuildFile; fileRef = 1D8967AD1C3A496100998655 /* MBProgressHUD.bundle */; };
		1D8967B21C3A496100998655 /* MBProgressHUD.m in Sources */ = {isa = PBXBuildFile; fileRef = 1D8967AF1C3A496100998655 /* MBProgressHUD.m */; };
		1D8967B51C3A4C9900998655 /* Reachability.m in Sources */ = {isa = PBXBuildFile; fileRef = 1D8967B41C3A4C9900998655 /* Reachability.m */; };
		1D8967BD1C3A527300998655 /* NSError+WC.m in Sources */ = {isa = PBXBuildFile; fileRef = 1D8967BC1C3A527300998655 /* NSError+WC.m */; };
		1D8967C01C3A9CA500998655 /* UIViewEllipse.swift in Sources */ = {isa = PBXBuildFile; fileRef = 1D8967BF1C3A9CA500998655 /* UIViewEllipse.swift */; };
		1D8967C21C3CBE5B00998655 /* MKUnderLineLabel.swift in Sources */ = {isa = PBXBuildFile; fileRef = 1D8967C11C3CBE5B00998655 /* MKUnderLineLabel.swift */; };
		1D8967C41C3CC5E800998655 /* MKSeparateView.swift in Sources */ = {isa = PBXBuildFile; fileRef = 1D8967C31C3CC5E800998655 /* MKSeparateView.swift */; };
		1D8967C91C3CF76400998655 /* MKBaseDataManager.swift in Sources */ = {isa = PBXBuildFile; fileRef = 1D8967C81C3CF76400998655 /* MKBaseDataManager.swift */; };
		1D8967CB1C3D088500998655 /* MKRegisterDataManager.swift in Sources */ = {isa = PBXBuildFile; fileRef = 1D8967CA1C3D088500998655 /* MKRegisterDataManager.swift */; };
		1D8967CD1C3D0B7100998655 /* MKThread.swift in Sources */ = {isa = PBXBuildFile; fileRef = 1D8967CC1C3D0B7100998655 /* MKThread.swift */; };
		1D8967CF1C3D13AD00998655 /* StringExtention.swift in Sources */ = {isa = PBXBuildFile; fileRef = 1D8967CE1C3D13AD00998655 /* StringExtention.swift */; };
		1D8967D11C3D200700998655 /* MKWebViewController.swift in Sources */ = {isa = PBXBuildFile; fileRef = 1D8967D01C3D200700998655 /* MKWebViewController.swift */; };
		1D8967D31C3E0BB600998655 /* wochu_use_agreement.htm in Resources */ = {isa = PBXBuildFile; fileRef = 1D8967D21C3E0BB600998655 /* wochu_use_agreement.htm */; };
		1D8967D51C3E36B300998655 /* UIViewControllerExtention.swift in Sources */ = {isa = PBXBuildFile; fileRef = 1D8967D41C3E36B300998655 /* UIViewControllerExtention.swift */; };
		1D8967DA1C3F9C9D00998655 /* MKMyOrderProtocol.swift in Sources */ = {isa = PBXBuildFile; fileRef = 1D8967D91C3F9C9D00998655 /* MKMyOrderProtocol.swift */; };
		1D8967DF1C3F9EDD00998655 /* MKBaseOrder.swift in Sources */ = {isa = PBXBuildFile; fileRef = 1D8967DE1C3F9EDD00998655 /* MKBaseOrder.swift */; };
		1D8967E11C3FCDB200998655 /* MKBaseGoods.swift in Sources */ = {isa = PBXBuildFile; fileRef = 1D8967E01C3FCDB200998655 /* MKBaseGoods.swift */; };
		1D8A3CB61C28F267001344B2 /* MKBaseWebService.swift in Sources */ = {isa = PBXBuildFile; fileRef = 1D8A3CB51C28F267001344B2 /* MKBaseWebService.swift */; };
		1D8A3CB81C2917B1001344B2 /* MKGlobalHeader.swift in Sources */ = {isa = PBXBuildFile; fileRef = 1D8A3CB71C2917B1001344B2 /* MKGlobalHeader.swift */; };
		1D8A3CBA1C2956D7001344B2 /* MKBaseAccess.swift in Sources */ = {isa = PBXBuildFile; fileRef = 1D8A3CB91C2956D7001344B2 /* MKBaseAccess.swift */; };
		1D8A3CBF1C2A9A8C001344B2 /* MKLoginManager.swift in Sources */ = {isa = PBXBuildFile; fileRef = 1D8A3CBE1C2A9A8C001344B2 /* MKLoginManager.swift */; };
		1D8A3CC11C2A9DEE001344B2 /* MKBaseModel.swift in Sources */ = {isa = PBXBuildFile; fileRef = 1D8A3CC01C2A9DEE001344B2 /* MKBaseModel.swift */; };
		1DA4A3A51C2CF437009599CB /* MKRegisterModel.swift in Sources */ = {isa = PBXBuildFile; fileRef = 1DA4A3A41C2CF437009599CB /* MKRegisterModel.swift */; };
		1DC5C56D1C28048B00DAACB1 /* MKLoginViewController.swift in Sources */ = {isa = PBXBuildFile; fileRef = 1DC5C56C1C28048B00DAACB1 /* MKLoginViewController.swift */; };
		1DC5C56F1C28049800DAACB1 /* MKRegisterViewController.swift in Sources */ = {isa = PBXBuildFile; fileRef = 1DC5C56E1C28049800DAACB1 /* MKRegisterViewController.swift */; };
		1DC5C5711C2804AB00DAACB1 /* MKFindPswViewController.swift in Sources */ = {isa = PBXBuildFile; fileRef = 1DC5C5701C2804AB00DAACB1 /* MKFindPswViewController.swift */; };
		1DC5C5731C2804C100DAACB1 /* MKFindPswDetailViewController.swift in Sources */ = {isa = PBXBuildFile; fileRef = 1DC5C5721C2804C100DAACB1 /* MKFindPswDetailViewController.swift */; };
		1DF5F23C1C3514A50077F10F /* MKCodeModel.swift in Sources */ = {isa = PBXBuildFile; fileRef = 1DF5F23B1C3514A50077F10F /* MKCodeModel.swift */; };
		1DF5F23E1C35213C0077F10F /* MKLoginModel.swift in Sources */ = {isa = PBXBuildFile; fileRef = 1DF5F23D1C35213C0077F10F /* MKLoginModel.swift */; };
		6E66D26AF629C281C9B95930 /* libPods.a in Frameworks */ = {isa = PBXBuildFile; fileRef = 597F531B1121132DF9350AA9 /* libPods.a */; };
/* End PBXBuildFile section */

/* Begin PBXContainerItemProxy section */
		1D633BCD1C216FD00068E44D /* PBXContainerItemProxy */ = {
			isa = PBXContainerItemProxy;
			containerPortal = 1D633BB01C216FD00068E44D /* Project object */;
			proxyType = 1;
			remoteGlobalIDString = 1D633BB71C216FD00068E44D;
			remoteInfo = MyKitchen;
		};
		1D633BD81C216FD00068E44D /* PBXContainerItemProxy */ = {
			isa = PBXContainerItemProxy;
			containerPortal = 1D633BB01C216FD00068E44D /* Project object */;
			proxyType = 1;
			remoteGlobalIDString = 1D633BB71C216FD00068E44D;
			remoteInfo = MyKitchen;
		};
/* End PBXContainerItemProxy section */

/* Begin PBXFileReference section */
		01E031E36EF425C5546E46AB /* Pods.release.xcconfig */ = {isa = PBXFileReference; includeInIndex = 1; lastKnownFileType = text.xcconfig; name = Pods.release.xcconfig; path = "Pods/Target Support Files/Pods/Pods.release.xcconfig"; sourceTree = "<group>"; };
		1D258E8C1C434FB30015EA93 /* MKRestoreGoods.swift */ = {isa = PBXFileReference; fileEncoding = 4; lastKnownFileType = sourcecode.swift; path = MKRestoreGoods.swift; sourceTree = "<group>"; };
		1D258E8E1C4380C50015EA93 /* MKMyOrderManager.swift */ = {isa = PBXFileReference; fileEncoding = 4; lastKnownFileType = sourcecode.swift; path = MKMyOrderManager.swift; sourceTree = "<group>"; };
		1D258E901C4381650015EA93 /* MKOrderAccess.swift */ = {isa = PBXFileReference; fileEncoding = 4; lastKnownFileType = sourcecode.swift; path = MKOrderAccess.swift; sourceTree = "<group>"; };
		1D258E921C43831D0015EA93 /* MKOrder.swift */ = {isa = PBXFileReference; fileEncoding = 4; lastKnownFileType = sourcecode.swift; path = MKOrder.swift; sourceTree = "<group>"; };
		1D258E941C4385B60015EA93 /* MKOrderChangeDeliver.swift */ = {isa = PBXFileReference; fileEncoding = 4; lastKnownFileType = sourcecode.swift; path = MKOrderChangeDeliver.swift; sourceTree = "<group>"; };
		1D258E961C4389950015EA93 /* MKOrderGoods.swift */ = {isa = PBXFileReference; fileEncoding = 4; lastKnownFileType = sourcecode.swift; path = MKOrderGoods.swift; sourceTree = "<group>"; };
		1D258E981C438A090015EA93 /* MKGoodsExceptionData.swift */ = {isa = PBXFileReference; fileEncoding = 4; lastKnownFileType = sourcecode.swift; path = MKGoodsExceptionData.swift; sourceTree = "<group>"; };
		1D258E9C1C438EC30015EA93 /* MKOrderPromotion.swift */ = {isa = PBXFileReference; fileEncoding = 4; lastKnownFileType = sourcecode.swift; path = MKOrderPromotion.swift; sourceTree = "<group>"; };
		1D258E9E1C43AD760015EA93 /* MKAddress.swift */ = {isa = PBXFileReference; fileEncoding = 4; lastKnownFileType = sourcecode.swift; path = MKAddress.swift; sourceTree = "<group>"; };
		1D258EA01C43B09D0015EA93 /* MKOrderConfirm.swift */ = {isa = PBXFileReference; fileEncoding = 4; lastKnownFileType = sourcecode.swift; path = MKOrderConfirm.swift; sourceTree = "<group>"; };
		1D258EA21C43B0E10015EA93 /* MKShippingTime.swift */ = {isa = PBXFileReference; fileEncoding = 4; lastKnownFileType = sourcecode.swift; path = MKShippingTime.swift; sourceTree = "<group>"; };
		1D258EA41C44AE4B0015EA93 /* MKStringExtention.swift */ = {isa = PBXFileReference; fileEncoding = 4; lastKnownFileType = sourcecode.swift; path = MKStringExtention.swift; sourceTree = "<group>"; };
		1D258EA91C44D2BD0015EA93 /* MKDictionaryExtention.swift */ = {isa = PBXFileReference; fileEncoding = 4; lastKnownFileType = sourcecode.swift; path = MKDictionaryExtention.swift; sourceTree = "<group>"; };
		1D258EAC1C4509A40015EA93 /* MKBaseTableViewCell.swift */ = {isa = PBXFileReference; fileEncoding = 4; lastKnownFileType = sourcecode.swift; path = MKBaseTableViewCell.swift; sourceTree = "<group>"; };
		1D258EAE1C450AA50015EA93 /* MKMyOrderCell.swift */ = {isa = PBXFileReference; fileEncoding = 4; lastKnownFileType = sourcecode.swift; path = MKMyOrderCell.swift; sourceTree = "<group>"; };
		1D258EB01C45123B0015EA93 /* MKMyOrderGoodsView.swift */ = {isa = PBXFileReference; fileEncoding = 4; lastKnownFileType = sourcecode.swift; path = MKMyOrderGoodsView.swift; sourceTree = "<group>"; };
		1D633BB81C216FD00068E44D /* MyKitchen.app */ = {isa = PBXFileReference; explicitFileType = wrapper.application; includeInIndex = 0; path = MyKitchen.app; sourceTree = BUILT_PRODUCTS_DIR; };
		1D633BBB1C216FD00068E44D /* AppDelegate.swift */ = {isa = PBXFileReference; lastKnownFileType = sourcecode.swift; path = AppDelegate.swift; sourceTree = "<group>"; };
		1D633BC01C216FD00068E44D /* Base */ = {isa = PBXFileReference; lastKnownFileType = file.storyboard; name = Base; path = Base.lproj/Main.storyboard; sourceTree = "<group>"; };
		1D633BC21C216FD00068E44D /* Assets.xcassets */ = {isa = PBXFileReference; lastKnownFileType = folder.assetcatalog; path = Assets.xcassets; sourceTree = "<group>"; };
		1D633BC51C216FD00068E44D /* Base */ = {isa = PBXFileReference; lastKnownFileType = file.storyboard; name = Base; path = Base.lproj/LaunchScreen.storyboard; sourceTree = "<group>"; };
		1D633BC71C216FD00068E44D /* Info.plist */ = {isa = PBXFileReference; lastKnownFileType = text.plist.xml; path = Info.plist; sourceTree = "<group>"; };
		1D633BCC1C216FD00068E44D /* MyKitchenTests.xctest */ = {isa = PBXFileReference; explicitFileType = wrapper.cfbundle; includeInIndex = 0; path = MyKitchenTests.xctest; sourceTree = BUILT_PRODUCTS_DIR; };
		1D633BD01C216FD00068E44D /* MyKitchenTests.swift */ = {isa = PBXFileReference; lastKnownFileType = sourcecode.swift; path = MyKitchenTests.swift; sourceTree = "<group>"; };
		1D633BD21C216FD00068E44D /* Info.plist */ = {isa = PBXFileReference; lastKnownFileType = text.plist.xml; path = Info.plist; sourceTree = "<group>"; };
		1D633BD71C216FD00068E44D /* MyKitchenUITests.xctest */ = {isa = PBXFileReference; explicitFileType = wrapper.cfbundle; includeInIndex = 0; path = MyKitchenUITests.xctest; sourceTree = BUILT_PRODUCTS_DIR; };
		1D633BDB1C216FD00068E44D /* MyKitchenUITests.swift */ = {isa = PBXFileReference; lastKnownFileType = sourcecode.swift; path = MyKitchenUITests.swift; sourceTree = "<group>"; };
		1D633BDD1C216FD00068E44D /* Info.plist */ = {isa = PBXFileReference; lastKnownFileType = text.plist.xml; path = Info.plist; sourceTree = "<group>"; };
		1D633BEA1C2171050068E44D /* MkBaseTabBarViewController.swift */ = {isa = PBXFileReference; fileEncoding = 4; lastKnownFileType = sourcecode.swift; path = MkBaseTabBarViewController.swift; sourceTree = "<group>"; };
		1D633BEC1C2171320068E44D /* MKBaseNavViewController.swift */ = {isa = PBXFileReference; fileEncoding = 4; lastKnownFileType = sourcecode.swift; path = MKBaseNavViewController.swift; sourceTree = "<group>"; };
		1D633BEE1C2171460068E44D /* MKBaseTableViewController.swift */ = {isa = PBXFileReference; fileEncoding = 4; lastKnownFileType = sourcecode.swift; path = MKBaseTableViewController.swift; sourceTree = "<group>"; };
		1D633BF01C2171550068E44D /* MKBaseViewController.swift */ = {isa = PBXFileReference; fileEncoding = 4; lastKnownFileType = sourcecode.swift; path = MKBaseViewController.swift; sourceTree = "<group>"; };
		1D633BF21C2171720068E44D /* MKBaseCollectionViewController.swift */ = {isa = PBXFileReference; fileEncoding = 4; lastKnownFileType = sourcecode.swift; path = MKBaseCollectionViewController.swift; sourceTree = "<group>"; };
		1D633BF51C2172230068E44D /* MKObject.swift */ = {isa = PBXFileReference; fileEncoding = 4; lastKnownFileType = sourcecode.swift; path = MKObject.swift; sourceTree = "<group>"; };
		1D633BF71C21727D0068E44D /* MKViewControllerManager.swift */ = {isa = PBXFileReference; fileEncoding = 4; lastKnownFileType = sourcecode.swift; path = MKViewControllerManager.swift; sourceTree = "<group>"; };
		1D6795171C2297B700A37A83 /* Order.storyboard */ = {isa = PBXFileReference; fileEncoding = 4; lastKnownFileType = file.storyboard; path = Order.storyboard; sourceTree = "<group>"; };
		1D6795191C2297C800A37A83 /* Carts.storyboard */ = {isa = PBXFileReference; fileEncoding = 4; lastKnownFileType = file.storyboard; path = Carts.storyboard; sourceTree = "<group>"; };
		1D67951B1C2297DB00A37A83 /* Filter.storyboard */ = {isa = PBXFileReference; fileEncoding = 4; lastKnownFileType = file.storyboard; path = Filter.storyboard; sourceTree = "<group>"; };
		1D67951D1C2297EB00A37A83 /* HomePage.storyboard */ = {isa = PBXFileReference; fileEncoding = 4; lastKnownFileType = file.storyboard; path = HomePage.storyboard; sourceTree = "<group>"; };
		1D6795201C22981600A37A83 /* Profile.storyboard */ = {isa = PBXFileReference; fileEncoding = 4; lastKnownFileType = file.storyboard; path = Profile.storyboard; sourceTree = "<group>"; };
		1D6795231C2298EF00A37A83 /* Settings.storyboard */ = {isa = PBXFileReference; fileEncoding = 4; lastKnownFileType = file.storyboard; path = Settings.storyboard; sourceTree = "<group>"; };
		1D6795261C229A9200A37A83 /* MKHomeViewController.swift */ = {isa = PBXFileReference; fileEncoding = 4; lastKnownFileType = sourcecode.swift; path = MKHomeViewController.swift; sourceTree = "<group>"; };
		1D6795291C229ABC00A37A83 /* FileterViewController.swift */ = {isa = PBXFileReference; fileEncoding = 4; lastKnownFileType = sourcecode.swift; path = FileterViewController.swift; sourceTree = "<group>"; };
		1D67952C1C229AD700A37A83 /* MKCartsViewController.swift */ = {isa = PBXFileReference; fileEncoding = 4; lastKnownFileType = sourcecode.swift; path = MKCartsViewController.swift; sourceTree = "<group>"; };
		1D67952F1C229AF400A37A83 /* MKOrderViewController.swift */ = {isa = PBXFileReference; fileEncoding = 4; lastKnownFileType = sourcecode.swift; path = MKOrderViewController.swift; sourceTree = "<group>"; };
		1D6795321C229B1000A37A83 /* MKProfileViewController.swift */ = {isa = PBXFileReference; fileEncoding = 4; lastKnownFileType = sourcecode.swift; path = MKProfileViewController.swift; sourceTree = "<group>"; };
		1D6795351C229B2D00A37A83 /* MKSettingViewController.swift */ = {isa = PBXFileReference; fileEncoding = 4; lastKnownFileType = sourcecode.swift; path = MKSettingViewController.swift; sourceTree = "<group>"; };
		1D6795391C22A1FB00A37A83 /* MKLoaderViewManager.swift */ = {isa = PBXFileReference; fileEncoding = 4; lastKnownFileType = sourcecode.swift; path = MKLoaderViewManager.swift; sourceTree = "<group>"; };
		1D67953B1C22D42100A37A83 /* MKListTabBarViewController.swift */ = {isa = PBXFileReference; fileEncoding = 4; lastKnownFileType = sourcecode.swift; path = MKListTabBarViewController.swift; sourceTree = "<group>"; };
		1D67953D1C23E25300A37A83 /* MKMyOrderTabBarViewController.swift */ = {isa = PBXFileReference; fileEncoding = 4; lastKnownFileType = sourcecode.swift; path = MKMyOrderTabBarViewController.swift; sourceTree = "<group>"; };
		1D6795411C23E48F00A37A83 /* MKEnum.swift */ = {isa = PBXFileReference; fileEncoding = 4; lastKnownFileType = sourcecode.swift; path = MKEnum.swift; sourceTree = "<group>"; };
		1D6795431C24048B00A37A83 /* MyKitchen-Bridging-Header.h */ = {isa = PBXFileReference; lastKnownFileType = sourcecode.c.h; path = "MyKitchen-Bridging-Header.h"; sourceTree = "<group>"; };
		1D8967A31C3A494200998655 /* Toast+UIView.h */ = {isa = PBXFileReference; fileEncoding = 4; lastKnownFileType = sourcecode.c.h; path = "Toast+UIView.h"; sourceTree = "<group>"; };
		1D8967A41C3A494200998655 /* Toast+UIView.m */ = {isa = PBXFileReference; fileEncoding = 4; lastKnownFileType = sourcecode.c.objc; path = "Toast+UIView.m"; sourceTree = "<group>"; };
		1D8967A61C3A495000998655 /* RSProgressHUD.bundle */ = {isa = PBXFileReference; lastKnownFileType = "wrapper.plug-in"; path = RSProgressHUD.bundle; sourceTree = "<group>"; };
		1D8967A71C3A495000998655 /* RSProgressHUD.h */ = {isa = PBXFileReference; fileEncoding = 4; lastKnownFileType = sourcecode.c.h; path = RSProgressHUD.h; sourceTree = "<group>"; };
		1D8967A81C3A495000998655 /* RSProgressHUD.m */ = {isa = PBXFileReference; fileEncoding = 4; lastKnownFileType = sourcecode.c.objc; path = RSProgressHUD.m; sourceTree = "<group>"; };
		1D8967AB1C3A496100998655 /* MBProgressHUD+Add.h */ = {isa = PBXFileReference; fileEncoding = 4; lastKnownFileType = sourcecode.c.h; path = "MBProgressHUD+Add.h"; sourceTree = "<group>"; };
		1D8967AC1C3A496100998655 /* MBProgressHUD+Add.m */ = {isa = PBXFileReference; fileEncoding = 4; lastKnownFileType = sourcecode.c.objc; path = "MBProgressHUD+Add.m"; sourceTree = "<group>"; };
		1D8967AD1C3A496100998655 /* MBProgressHUD.bundle */ = {isa = PBXFileReference; lastKnownFileType = "wrapper.plug-in"; path = MBProgressHUD.bundle; sourceTree = "<group>"; };
		1D8967AE1C3A496100998655 /* MBProgressHUD.h */ = {isa = PBXFileReference; fileEncoding = 4; lastKnownFileType = sourcecode.c.h; path = MBProgressHUD.h; sourceTree = "<group>"; };
		1D8967AF1C3A496100998655 /* MBProgressHUD.m */ = {isa = PBXFileReference; fileEncoding = 4; lastKnownFileType = sourcecode.c.objc; path = MBProgressHUD.m; sourceTree = "<group>"; };
		1D8967B31C3A4C9900998655 /* Reachability.h */ = {isa = PBXFileReference; fileEncoding = 4; lastKnownFileType = sourcecode.c.h; path = Reachability.h; sourceTree = "<group>"; };
		1D8967B41C3A4C9900998655 /* Reachability.m */ = {isa = PBXFileReference; fileEncoding = 4; lastKnownFileType = sourcecode.c.objc; path = Reachability.m; sourceTree = "<group>"; };
		1D8967BB1C3A527300998655 /* NSError+WC.h */ = {isa = PBXFileReference; fileEncoding = 4; lastKnownFileType = sourcecode.c.h; path = "NSError+WC.h"; sourceTree = "<group>"; };
		1D8967BC1C3A527300998655 /* NSError+WC.m */ = {isa = PBXFileReference; fileEncoding = 4; lastKnownFileType = sourcecode.c.objc; path = "NSError+WC.m"; sourceTree = "<group>"; };
		1D8967BF1C3A9CA500998655 /* UIViewEllipse.swift */ = {isa = PBXFileReference; fileEncoding = 4; lastKnownFileType = sourcecode.swift; path = UIViewEllipse.swift; sourceTree = "<group>"; };
		1D8967C11C3CBE5B00998655 /* MKUnderLineLabel.swift */ = {isa = PBXFileReference; fileEncoding = 4; lastKnownFileType = sourcecode.swift; path = MKUnderLineLabel.swift; sourceTree = "<group>"; };
		1D8967C31C3CC5E800998655 /* MKSeparateView.swift */ = {isa = PBXFileReference; fileEncoding = 4; lastKnownFileType = sourcecode.swift; path = MKSeparateView.swift; sourceTree = "<group>"; };
		1D8967C81C3CF76400998655 /* MKBaseDataManager.swift */ = {isa = PBXFileReference; fileEncoding = 4; lastKnownFileType = sourcecode.swift; path = MKBaseDataManager.swift; sourceTree = "<group>"; };
		1D8967CA1C3D088500998655 /* MKRegisterDataManager.swift */ = {isa = PBXFileReference; fileEncoding = 4; lastKnownFileType = sourcecode.swift; path = MKRegisterDataManager.swift; sourceTree = "<group>"; };
		1D8967CC1C3D0B7100998655 /* MKThread.swift */ = {isa = PBXFileReference; fileEncoding = 4; lastKnownFileType = sourcecode.swift; path = MKThread.swift; sourceTree = "<group>"; };
		1D8967CE1C3D13AD00998655 /* StringExtention.swift */ = {isa = PBXFileReference; fileEncoding = 4; lastKnownFileType = sourcecode.swift; path = StringExtention.swift; sourceTree = "<group>"; };
		1D8967D01C3D200700998655 /* MKWebViewController.swift */ = {isa = PBXFileReference; fileEncoding = 4; lastKnownFileType = sourcecode.swift; path = MKWebViewController.swift; sourceTree = "<group>"; };
		1D8967D21C3E0BB600998655 /* wochu_use_agreement.htm */ = {isa = PBXFileReference; fileEncoding = 4; lastKnownFileType = text.html; path = wochu_use_agreement.htm; sourceTree = "<group>"; };
		1D8967D41C3E36B300998655 /* UIViewControllerExtention.swift */ = {isa = PBXFileReference; fileEncoding = 4; lastKnownFileType = sourcecode.swift; path = UIViewControllerExtention.swift; sourceTree = "<group>"; };
		1D8967D91C3F9C9D00998655 /* MKMyOrderProtocol.swift */ = {isa = PBXFileReference; fileEncoding = 4; lastKnownFileType = sourcecode.swift; path = MKMyOrderProtocol.swift; sourceTree = "<group>"; };
		1D8967DE1C3F9EDD00998655 /* MKBaseOrder.swift */ = {isa = PBXFileReference; fileEncoding = 4; lastKnownFileType = sourcecode.swift; path = MKBaseOrder.swift; sourceTree = "<group>"; };
		1D8967E01C3FCDB200998655 /* MKBaseGoods.swift */ = {isa = PBXFileReference; fileEncoding = 4; lastKnownFileType = sourcecode.swift; path = MKBaseGoods.swift; sourceTree = "<group>"; };
		1D8A3CB51C28F267001344B2 /* MKBaseWebService.swift */ = {isa = PBXFileReference; fileEncoding = 4; lastKnownFileType = sourcecode.swift; path = MKBaseWebService.swift; sourceTree = "<group>"; };
		1D8A3CB71C2917B1001344B2 /* MKGlobalHeader.swift */ = {isa = PBXFileReference; fileEncoding = 4; lastKnownFileType = sourcecode.swift; path = MKGlobalHeader.swift; sourceTree = "<group>"; };
		1D8A3CB91C2956D7001344B2 /* MKBaseAccess.swift */ = {isa = PBXFileReference; fileEncoding = 4; lastKnownFileType = sourcecode.swift; path = MKBaseAccess.swift; sourceTree = "<group>"; };
		1D8A3CBE1C2A9A8C001344B2 /* MKLoginManager.swift */ = {isa = PBXFileReference; fileEncoding = 4; lastKnownFileType = sourcecode.swift; path = MKLoginManager.swift; sourceTree = "<group>"; };
		1D8A3CC01C2A9DEE001344B2 /* MKBaseModel.swift */ = {isa = PBXFileReference; fileEncoding = 4; lastKnownFileType = sourcecode.swift; path = MKBaseModel.swift; sourceTree = "<group>"; };
		1DA4A3A41C2CF437009599CB /* MKRegisterModel.swift */ = {isa = PBXFileReference; fileEncoding = 4; lastKnownFileType = sourcecode.swift; path = MKRegisterModel.swift; sourceTree = "<group>"; };
		1DC5C56C1C28048B00DAACB1 /* MKLoginViewController.swift */ = {isa = PBXFileReference; fileEncoding = 4; lastKnownFileType = sourcecode.swift; path = MKLoginViewController.swift; sourceTree = "<group>"; };
		1DC5C56E1C28049800DAACB1 /* MKRegisterViewController.swift */ = {isa = PBXFileReference; fileEncoding = 4; lastKnownFileType = sourcecode.swift; path = MKRegisterViewController.swift; sourceTree = "<group>"; };
		1DC5C5701C2804AB00DAACB1 /* MKFindPswViewController.swift */ = {isa = PBXFileReference; fileEncoding = 4; lastKnownFileType = sourcecode.swift; path = MKFindPswViewController.swift; sourceTree = "<group>"; };
		1DC5C5721C2804C100DAACB1 /* MKFindPswDetailViewController.swift */ = {isa = PBXFileReference; fileEncoding = 4; lastKnownFileType = sourcecode.swift; path = MKFindPswDetailViewController.swift; sourceTree = "<group>"; };
		1DF5F23B1C3514A50077F10F /* MKCodeModel.swift */ = {isa = PBXFileReference; fileEncoding = 4; lastKnownFileType = sourcecode.swift; path = MKCodeModel.swift; sourceTree = "<group>"; };
		1DF5F23D1C35213C0077F10F /* MKLoginModel.swift */ = {isa = PBXFileReference; fileEncoding = 4; lastKnownFileType = sourcecode.swift; path = MKLoginModel.swift; sourceTree = "<group>"; };
		597F531B1121132DF9350AA9 /* libPods.a */ = {isa = PBXFileReference; explicitFileType = archive.ar; includeInIndex = 0; path = libPods.a; sourceTree = BUILT_PRODUCTS_DIR; };
		850BEE8113234BEB658DC36C /* Pods.debug.xcconfig */ = {isa = PBXFileReference; includeInIndex = 1; lastKnownFileType = text.xcconfig; name = Pods.debug.xcconfig; path = "Pods/Target Support Files/Pods/Pods.debug.xcconfig"; sourceTree = "<group>"; };
/* End PBXFileReference section */

/* Begin PBXFrameworksBuildPhase section */
		1D633BB51C216FD00068E44D /* Frameworks */ = {
			isa = PBXFrameworksBuildPhase;
			buildActionMask = 2147483647;
			files = (
				6E66D26AF629C281C9B95930 /* libPods.a in Frameworks */,
			);
			runOnlyForDeploymentPostprocessing = 0;
		};
		1D633BC91C216FD00068E44D /* Frameworks */ = {
			isa = PBXFrameworksBuildPhase;
			buildActionMask = 2147483647;
			files = (
			);
			runOnlyForDeploymentPostprocessing = 0;
		};
		1D633BD41C216FD00068E44D /* Frameworks */ = {
			isa = PBXFrameworksBuildPhase;
			buildActionMask = 2147483647;
			files = (
			);
			runOnlyForDeploymentPostprocessing = 0;
		};
/* End PBXFrameworksBuildPhase section */

/* Begin PBXGroup section */
		1D258EAB1C4509830015EA93 /* BaseView */ = {
			isa = PBXGroup;
			children = (
				1D258EAC1C4509A40015EA93 /* MKBaseTableViewCell.swift */,
			);
			path = BaseView;
			sourceTree = "<group>";
		};
		1D633BAF1C216FD00068E44D = {
			isa = PBXGroup;
			children = (
				1D633BBA1C216FD00068E44D /* MyKitchen */,
				1D633BCF1C216FD00068E44D /* MyKitchenTests */,
				1D633BDA1C216FD00068E44D /* MyKitchenUITests */,
				1D633BB91C216FD00068E44D /* Products */,
				97CE7D79E649EE7C6530DC9C /* Pods */,
				20019A19E7EA0E6C1903B690 /* Frameworks */,
			);
			sourceTree = "<group>";
		};
		1D633BB91C216FD00068E44D /* Products */ = {
			isa = PBXGroup;
			children = (
				1D633BB81C216FD00068E44D /* MyKitchen.app */,
				1D633BCC1C216FD00068E44D /* MyKitchenTests.xctest */,
				1D633BD71C216FD00068E44D /* MyKitchenUITests.xctest */,
			);
			name = Products;
			sourceTree = "<group>";
		};
		1D633BBA1C216FD00068E44D /* MyKitchen */ = {
			isa = PBXGroup;
			children = (
				1D8967C71C3CF75400998655 /* DataManager */,
				1D8967BA1C3A526B00998655 /* OCCatagories */,
				1D8967A21C3A491F00998655 /* OC3Code */,
				1D67953F1C23E29700A37A83 /* Common */,
				1D6794F01C22930D00A37A83 /* HomePage */,
				1D6795151C2293B400A37A83 /* Filter */,
				1D6795141C2293B400A37A83 /* Carts */,
				1D6795161C2293DB00A37A83 /* Order */,
				1D67951F1C22980B00A37A83 /* Profile */,
				1D6795221C2298E400A37A83 /* Settings */,
				1D633BF41C21720B0068E44D /* BaseMoudle */,
				1D633BE91C2170D00068E44D /* BaseViewController */,
				1D633BBB1C216FD00068E44D /* AppDelegate.swift */,
				1D258EAB1C4509830015EA93 /* BaseView */,
				1D633BBF1C216FD00068E44D /* Main.storyboard */,
				1D633BC21C216FD00068E44D /* Assets.xcassets */,
				1D633BC41C216FD00068E44D /* LaunchScreen.storyboard */,
				1D8967D21C3E0BB600998655 /* wochu_use_agreement.htm */,
				1D633BC71C216FD00068E44D /* Info.plist */,
			);
			path = MyKitchen;
			sourceTree = "<group>";
		};
		1D633BCF1C216FD00068E44D /* MyKitchenTests */ = {
			isa = PBXGroup;
			children = (
				1D633BD01C216FD00068E44D /* MyKitchenTests.swift */,
				1D633BD21C216FD00068E44D /* Info.plist */,
			);
			path = MyKitchenTests;
			sourceTree = "<group>";
		};
		1D633BDA1C216FD00068E44D /* MyKitchenUITests */ = {
			isa = PBXGroup;
			children = (
				1D633BDB1C216FD00068E44D /* MyKitchenUITests.swift */,
				1D633BDD1C216FD00068E44D /* Info.plist */,
			);
			path = MyKitchenUITests;
			sourceTree = "<group>";
		};
		1D633BE91C2170D00068E44D /* BaseViewController */ = {
			isa = PBXGroup;
			children = (
				1D633BEA1C2171050068E44D /* MkBaseTabBarViewController.swift */,
				1D633BEC1C2171320068E44D /* MKBaseNavViewController.swift */,
				1D633BEE1C2171460068E44D /* MKBaseTableViewController.swift */,
				1D633BF01C2171550068E44D /* MKBaseViewController.swift */,
				1D8967D41C3E36B300998655 /* UIViewControllerExtention.swift */,
				1D633BF21C2171720068E44D /* MKBaseCollectionViewController.swift */,
			);
			name = BaseViewController;
			path = Base;
			sourceTree = "<group>";
		};
		1D633BF41C21720B0068E44D /* BaseMoudle */ = {
			isa = PBXGroup;
			children = (
				1D633BF51C2172230068E44D /* MKObject.swift */,
				1D8A3CB51C28F267001344B2 /* MKBaseWebService.swift */,
				1D8A3CB91C2956D7001344B2 /* MKBaseAccess.swift */,
				1D8A3CC01C2A9DEE001344B2 /* MKBaseModel.swift */,
				1D633BF71C21727D0068E44D /* MKViewControllerManager.swift */,
				1D6795391C22A1FB00A37A83 /* MKLoaderViewManager.swift */,
			);
			path = BaseMoudle;
			sourceTree = "<group>";
		};
		1D6794F01C22930D00A37A83 /* HomePage */ = {
			isa = PBXGroup;
			children = (
				1D67951D1C2297EB00A37A83 /* HomePage.storyboard */,
				1D6795251C229A7100A37A83 /* Controller */,
			);
			path = HomePage;
			sourceTree = "<group>";
		};
		1D6795141C2293B400A37A83 /* Carts */ = {
			isa = PBXGroup;
			children = (
				1D6795191C2297C800A37A83 /* Carts.storyboard */,
				1D67952B1C229ACB00A37A83 /* Controller */,
			);
			path = Carts;
			sourceTree = "<group>";
		};
		1D6795151C2293B400A37A83 /* Filter */ = {
			isa = PBXGroup;
			children = (
				1D67951B1C2297DB00A37A83 /* Filter.storyboard */,
				1D6795281C229AA900A37A83 /* Controller */,
			);
			path = Filter;
			sourceTree = "<group>";
		};
		1D6795161C2293DB00A37A83 /* Order */ = {
			isa = PBXGroup;
			children = (
				1D6795171C2297B700A37A83 /* Order.storyboard */,
				1D8967DD1C3F9E9300998655 /* Manager */,
				1D8967DC1C3F9E8800998655 /* View */,
				1D8967DB1C3F9E7800998655 /* Model */,
				1D67952E1C229AE500A37A83 /* Controller */,
			);
			path = Order;
			sourceTree = "<group>";
		};
		1D67951F1C22980B00A37A83 /* Profile */ = {
			isa = PBXGroup;
			children = (
				1D8A3CBD1C2A9A8C001344B2 /* Manager */,
				1D6795201C22981600A37A83 /* Profile.storyboard */,
				1D6795311C229B0400A37A83 /* Controller */,
				1DC5C5611C2802B100DAACB1 /* View */,
				1DC5C5601C2802A200DAACB1 /* Model */,
			);
			path = Profile;
			sourceTree = "<group>";
		};
		1D6795221C2298E400A37A83 /* Settings */ = {
			isa = PBXGroup;
			children = (
				1D6795231C2298EF00A37A83 /* Settings.storyboard */,
				1D6795341C229B2300A37A83 /* Controller */,
			);
			path = Settings;
			sourceTree = "<group>";
		};
		1D6795251C229A7100A37A83 /* Controller */ = {
			isa = PBXGroup;
			children = (
				1D6795261C229A9200A37A83 /* MKHomeViewController.swift */,
			);
			path = Controller;
			sourceTree = "<group>";
		};
		1D6795281C229AA900A37A83 /* Controller */ = {
			isa = PBXGroup;
			children = (
				1D6795291C229ABC00A37A83 /* FileterViewController.swift */,
			);
			path = Controller;
			sourceTree = "<group>";
		};
		1D67952B1C229ACB00A37A83 /* Controller */ = {
			isa = PBXGroup;
			children = (
				1D67952C1C229AD700A37A83 /* MKCartsViewController.swift */,
			);
			path = Controller;
			sourceTree = "<group>";
		};
		1D67952E1C229AE500A37A83 /* Controller */ = {
			isa = PBXGroup;
			children = (
				1D67952F1C229AF400A37A83 /* MKOrderViewController.swift */,
				1D8967D91C3F9C9D00998655 /* MKMyOrderProtocol.swift */,
				1D67953B1C22D42100A37A83 /* MKListTabBarViewController.swift */,
				1D67953D1C23E25300A37A83 /* MKMyOrderTabBarViewController.swift */,
			);
			path = Controller;
			sourceTree = "<group>";
		};
		1D6795311C229B0400A37A83 /* Controller */ = {
			isa = PBXGroup;
			children = (
				1D6795321C229B1000A37A83 /* MKProfileViewController.swift */,
				1DC5C5621C2802DF00DAACB1 /* LoginVC */,
			);
			path = Controller;
			sourceTree = "<group>";
		};
		1D6795341C229B2300A37A83 /* Controller */ = {
			isa = PBXGroup;
			children = (
				1D6795351C229B2D00A37A83 /* MKSettingViewController.swift */,
			);
			path = Controller;
			sourceTree = "<group>";
		};
		1D67953F1C23E29700A37A83 /* Common */ = {
			isa = PBXGroup;
			children = (
				1D6795411C23E48F00A37A83 /* MKEnum.swift */,
				1D258EA41C44AE4B0015EA93 /* MKStringExtention.swift */,
				1D258EA91C44D2BD0015EA93 /* MKDictionaryExtention.swift */,
				1D8967CE1C3D13AD00998655 /* StringExtention.swift */,
				1D8967CC1C3D0B7100998655 /* MKThread.swift */,
				1D8967BF1C3A9CA500998655 /* UIViewEllipse.swift */,
				1D8967C31C3CC5E800998655 /* MKSeparateView.swift */,
				1D8A3CB71C2917B1001344B2 /* MKGlobalHeader.swift */,
				1D8967C11C3CBE5B00998655 /* MKUnderLineLabel.swift */,
				1D8967D01C3D200700998655 /* MKWebViewController.swift */,
				1D6795431C24048B00A37A83 /* MyKitchen-Bridging-Header.h */,
			);
			path = Common;
			sourceTree = "<group>";
		};
		1D8967A21C3A491F00998655 /* OC3Code */ = {
			isa = PBXGroup;
			children = (
				1D8967A31C3A494200998655 /* Toast+UIView.h */,
				1D8967A41C3A494200998655 /* Toast+UIView.m */,
				1D8967A61C3A495000998655 /* RSProgressHUD.bundle */,
				1D8967A71C3A495000998655 /* RSProgressHUD.h */,
				1D8967A81C3A495000998655 /* RSProgressHUD.m */,
				1D8967AB1C3A496100998655 /* MBProgressHUD+Add.h */,
				1D8967AC1C3A496100998655 /* MBProgressHUD+Add.m */,
				1D8967AD1C3A496100998655 /* MBProgressHUD.bundle */,
				1D8967AE1C3A496100998655 /* MBProgressHUD.h */,
				1D8967AF1C3A496100998655 /* MBProgressHUD.m */,
				1D8967B31C3A4C9900998655 /* Reachability.h */,
				1D8967B41C3A4C9900998655 /* Reachability.m */,
			);
			path = OC3Code;
			sourceTree = "<group>";
		};
		1D8967BA1C3A526B00998655 /* OCCatagories */ = {
			isa = PBXGroup;
			children = (
				1D8967BB1C3A527300998655 /* NSError+WC.h */,
				1D8967BC1C3A527300998655 /* NSError+WC.m */,
			);
			path = OCCatagories;
			sourceTree = "<group>";
		};
		1D8967C71C3CF75400998655 /* DataManager */ = {
			isa = PBXGroup;
			children = (
				1D8967C81C3CF76400998655 /* MKBaseDataManager.swift */,
			);
			path = DataManager;
			sourceTree = "<group>";
		};
		1D8967DB1C3F9E7800998655 /* Model */ = {
			isa = PBXGroup;
			children = (
				1D8967DE1C3F9EDD00998655 /* MKBaseOrder.swift */,
				1D258E921C43831D0015EA93 /* MKOrder.swift */,
				1D258EA01C43B09D0015EA93 /* MKOrderConfirm.swift */,
				1D8967E01C3FCDB200998655 /* MKBaseGoods.swift */,
				1D258EA21C43B0E10015EA93 /* MKShippingTime.swift */,
				1D258E8C1C434FB30015EA93 /* MKRestoreGoods.swift */,
				1D258E961C4389950015EA93 /* MKOrderGoods.swift */,
				1D258E981C438A090015EA93 /* MKGoodsExceptionData.swift */,
				1D258E941C4385B60015EA93 /* MKOrderChangeDeliver.swift */,
				1D258E9C1C438EC30015EA93 /* MKOrderPromotion.swift */,
				1D258E9E1C43AD760015EA93 /* MKAddress.swift */,
			);
			path = Model;
			sourceTree = "<group>";
		};
		1D8967DC1C3F9E8800998655 /* View */ = {
			isa = PBXGroup;
			children = (
				1D258EAE1C450AA50015EA93 /* MKMyOrderCell.swift */,
				1D258EB01C45123B0015EA93 /* MKMyOrderGoodsView.swift */,
			);
			path = View;
			sourceTree = "<group>";
		};
		1D8967DD1C3F9E9300998655 /* Manager */ = {
			isa = PBXGroup;
			children = (
				1D258E8E1C4380C50015EA93 /* MKMyOrderManager.swift */,
				1D258E901C4381650015EA93 /* MKOrderAccess.swift */,
			);
			path = Manager;
			sourceTree = "<group>";
		};
		1D8A3CBD1C2A9A8C001344B2 /* Manager */ = {
			isa = PBXGroup;
			children = (
				1D8A3CBE1C2A9A8C001344B2 /* MKLoginManager.swift */,
				1D8967CA1C3D088500998655 /* MKRegisterDataManager.swift */,
			);
			path = Manager;
			sourceTree = "<group>";
		};
		1DC5C5601C2802A200DAACB1 /* Model */ = {
			isa = PBXGroup;
			children = (
				1DC5C5631C2802F100DAACB1 /* LoginModel */,
			);
			path = Model;
			sourceTree = "<group>";
		};
		1DC5C5611C2802B100DAACB1 /* View */ = {
			isa = PBXGroup;
			children = (
				1DC5C5641C2802FD00DAACB1 /* LoginView */,
			);
			path = View;
			sourceTree = "<group>";
		};
		1DC5C5621C2802DF00DAACB1 /* LoginVC */ = {
			isa = PBXGroup;
			children = (
				1DC5C56C1C28048B00DAACB1 /* MKLoginViewController.swift */,
				1DC5C56E1C28049800DAACB1 /* MKRegisterViewController.swift */,
				1DC5C5701C2804AB00DAACB1 /* MKFindPswViewController.swift */,
				1DC5C5721C2804C100DAACB1 /* MKFindPswDetailViewController.swift */,
			);
			path = LoginVC;
			sourceTree = "<group>";
		};
		1DC5C5631C2802F100DAACB1 /* LoginModel */ = {
			isa = PBXGroup;
			children = (
				1DA4A3A41C2CF437009599CB /* MKRegisterModel.swift */,
				1DF5F23B1C3514A50077F10F /* MKCodeModel.swift */,
				1DF5F23D1C35213C0077F10F /* MKLoginModel.swift */,
			);
			path = LoginModel;
			sourceTree = "<group>";
		};
		1DC5C5641C2802FD00DAACB1 /* LoginView */ = {
			isa = PBXGroup;
			children = (
			);
			path = LoginView;
			sourceTree = "<group>";
		};
		20019A19E7EA0E6C1903B690 /* Frameworks */ = {
			isa = PBXGroup;
			children = (
				597F531B1121132DF9350AA9 /* libPods.a */,
			);
			name = Frameworks;
			sourceTree = "<group>";
		};
		97CE7D79E649EE7C6530DC9C /* Pods */ = {
			isa = PBXGroup;
			children = (
				850BEE8113234BEB658DC36C /* Pods.debug.xcconfig */,
				01E031E36EF425C5546E46AB /* Pods.release.xcconfig */,
			);
			name = Pods;
			sourceTree = "<group>";
		};
/* End PBXGroup section */

/* Begin PBXNativeTarget section */
		1D633BB71C216FD00068E44D /* MyKitchen */ = {
			isa = PBXNativeTarget;
			buildConfigurationList = 1D633BE01C216FD00068E44D /* Build configuration list for PBXNativeTarget "MyKitchen" */;
			buildPhases = (
				E5F6CE8C30683F3012AF894A /* Check Pods Manifest.lock */,
				1D633BB41C216FD00068E44D /* Sources */,
				1D633BB51C216FD00068E44D /* Frameworks */,
				1D633BB61C216FD00068E44D /* Resources */,
				E36F926B6D14B6D78DF37196 /* Embed Pods Frameworks */,
				FD58E680093007B3387856C8 /* Copy Pods Resources */,
			);
			buildRules = (
			);
			dependencies = (
			);
			name = MyKitchen;
			productName = MyKitchen;
			productReference = 1D633BB81C216FD00068E44D /* MyKitchen.app */;
			productType = "com.apple.product-type.application";
		};
		1D633BCB1C216FD00068E44D /* MyKitchenTests */ = {
			isa = PBXNativeTarget;
			buildConfigurationList = 1D633BE31C216FD00068E44D /* Build configuration list for PBXNativeTarget "MyKitchenTests" */;
			buildPhases = (
				1D633BC81C216FD00068E44D /* Sources */,
				1D633BC91C216FD00068E44D /* Frameworks */,
				1D633BCA1C216FD00068E44D /* Resources */,
			);
			buildRules = (
			);
			dependencies = (
				1D633BCE1C216FD00068E44D /* PBXTargetDependency */,
			);
			name = MyKitchenTests;
			productName = MyKitchenTests;
			productReference = 1D633BCC1C216FD00068E44D /* MyKitchenTests.xctest */;
			productType = "com.apple.product-type.bundle.unit-test";
		};
		1D633BD61C216FD00068E44D /* MyKitchenUITests */ = {
			isa = PBXNativeTarget;
			buildConfigurationList = 1D633BE61C216FD00068E44D /* Build configuration list for PBXNativeTarget "MyKitchenUITests" */;
			buildPhases = (
				1D633BD31C216FD00068E44D /* Sources */,
				1D633BD41C216FD00068E44D /* Frameworks */,
				1D633BD51C216FD00068E44D /* Resources */,
			);
			buildRules = (
			);
			dependencies = (
				1D633BD91C216FD00068E44D /* PBXTargetDependency */,
			);
			name = MyKitchenUITests;
			productName = MyKitchenUITests;
			productReference = 1D633BD71C216FD00068E44D /* MyKitchenUITests.xctest */;
			productType = "com.apple.product-type.bundle.ui-testing";
		};
/* End PBXNativeTarget section */

/* Begin PBXProject section */
		1D633BB01C216FD00068E44D /* Project object */ = {
			isa = PBXProject;
			attributes = {
				LastSwiftUpdateCheck = 0720;
				LastUpgradeCheck = 0720;
				ORGANIZATIONNAME = "@Wochu";
				TargetAttributes = {
					1D633BB71C216FD00068E44D = {
						CreatedOnToolsVersion = 7.2;
						DevelopmentTeam = S9VHA4G9D3;
					};
					1D633BCB1C216FD00068E44D = {
						CreatedOnToolsVersion = 7.2;
						DevelopmentTeam = S9VHA4G9D3;
						TestTargetID = 1D633BB71C216FD00068E44D;
					};
					1D633BD61C216FD00068E44D = {
						CreatedOnToolsVersion = 7.2;
						DevelopmentTeam = S9VHA4G9D3;
						TestTargetID = 1D633BB71C216FD00068E44D;
					};
				};
			};
			buildConfigurationList = 1D633BB31C216FD00068E44D /* Build configuration list for PBXProject "MyKitchen" */;
			compatibilityVersion = "Xcode 3.2";
			developmentRegion = English;
			hasScannedForEncodings = 0;
			knownRegions = (
				en,
				Base,
			);
			mainGroup = 1D633BAF1C216FD00068E44D;
			productRefGroup = 1D633BB91C216FD00068E44D /* Products */;
			projectDirPath = "";
			projectRoot = "";
			targets = (
				1D633BB71C216FD00068E44D /* MyKitchen */,
				1D633BCB1C216FD00068E44D /* MyKitchenTests */,
				1D633BD61C216FD00068E44D /* MyKitchenUITests */,
			);
		};
/* End PBXProject section */

/* Begin PBXResourcesBuildPhase section */
		1D633BB61C216FD00068E44D /* Resources */ = {
			isa = PBXResourcesBuildPhase;
			buildActionMask = 2147483647;
			files = (
				1D633BC61C216FD00068E44D /* LaunchScreen.storyboard in Resources */,
				1D633BC31C216FD00068E44D /* Assets.xcassets in Resources */,
				1D6795211C22981600A37A83 /* Profile.storyboard in Resources */,
				1D8967B11C3A496100998655 /* MBProgressHUD.bundle in Resources */,
				1D67951C1C2297DB00A37A83 /* Filter.storyboard in Resources */,
				1D67951A1C2297C800A37A83 /* Carts.storyboard in Resources */,
				1D67951E1C2297EB00A37A83 /* HomePage.storyboard in Resources */,
				1D6795241C2298EF00A37A83 /* Settings.storyboard in Resources */,
				1D633BC11C216FD00068E44D /* Main.storyboard in Resources */,
				1D6795181C2297B700A37A83 /* Order.storyboard in Resources */,
				1D8967A91C3A495000998655 /* RSProgressHUD.bundle in Resources */,
				1D8967D31C3E0BB600998655 /* wochu_use_agreement.htm in Resources */,
			);
			runOnlyForDeploymentPostprocessing = 0;
		};
		1D633BCA1C216FD00068E44D /* Resources */ = {
			isa = PBXResourcesBuildPhase;
			buildActionMask = 2147483647;
			files = (
			);
			runOnlyForDeploymentPostprocessing = 0;
		};
		1D633BD51C216FD00068E44D /* Resources */ = {
			isa = PBXResourcesBuildPhase;
			buildActionMask = 2147483647;
			files = (
			);
			runOnlyForDeploymentPostprocessing = 0;
		};
/* End PBXResourcesBuildPhase section */

/* Begin PBXShellScriptBuildPhase section */
		E36F926B6D14B6D78DF37196 /* Embed Pods Frameworks */ = {
			isa = PBXShellScriptBuildPhase;
			buildActionMask = 2147483647;
			files = (
			);
			inputPaths = (
			);
			name = "Embed Pods Frameworks";
			outputPaths = (
			);
			runOnlyForDeploymentPostprocessing = 0;
			shellPath = /bin/sh;
			shellScript = "\"${SRCROOT}/Pods/Target Support Files/Pods/Pods-frameworks.sh\"\n";
			showEnvVarsInLog = 0;
		};
		E5F6CE8C30683F3012AF894A /* Check Pods Manifest.lock */ = {
			isa = PBXShellScriptBuildPhase;
			buildActionMask = 2147483647;
			files = (
			);
			inputPaths = (
			);
			name = "Check Pods Manifest.lock";
			outputPaths = (
			);
			runOnlyForDeploymentPostprocessing = 0;
			shellPath = /bin/sh;
			shellScript = "diff \"${PODS_ROOT}/../Podfile.lock\" \"${PODS_ROOT}/Manifest.lock\" > /dev/null\nif [[ $? != 0 ]] ; then\n    cat << EOM\nerror: The sandbox is not in sync with the Podfile.lock. Run 'pod install' or update your CocoaPods installation.\nEOM\n    exit 1\nfi\n";
			showEnvVarsInLog = 0;
		};
		FD58E680093007B3387856C8 /* Copy Pods Resources */ = {
			isa = PBXShellScriptBuildPhase;
			buildActionMask = 2147483647;
			files = (
			);
			inputPaths = (
			);
			name = "Copy Pods Resources";
			outputPaths = (
			);
			runOnlyForDeploymentPostprocessing = 0;
			shellPath = /bin/sh;
			shellScript = "\"${SRCROOT}/Pods/Target Support Files/Pods/Pods-resources.sh\"\n";
			showEnvVarsInLog = 0;
		};
/* End PBXShellScriptBuildPhase section */

/* Begin PBXSourcesBuildPhase section */
		1D633BB41C216FD00068E44D /* Sources */ = {
			isa = PBXSourcesBuildPhase;
			buildActionMask = 2147483647;
			files = (
				1D8A3CBA1C2956D7001344B2 /* MKBaseAccess.swift in Sources */,
				1D633BF61C2172230068E44D /* MKObject.swift in Sources */,
				1D633BEB1C2171050068E44D /* MkBaseTabBarViewController.swift in Sources */,
				1D8967A51C3A494200998655 /* Toast+UIView.m in Sources */,
				1D633BBC1C216FD00068E44D /* AppDelegate.swift in Sources */,
				1D8967AA1C3A495000998655 /* RSProgressHUD.m in Sources */,
				1D67953E1C23E25300A37A83 /* MKMyOrderTabBarViewController.swift in Sources */,
				1D258EA51C44AE4B0015EA93 /* MKStringExtention.swift in Sources */,
				1D8967B21C3A496100998655 /* MBProgressHUD.m in Sources */,
				1D6795421C23E48F00A37A83 /* MKEnum.swift in Sources */,
				1D258E971C4389950015EA93 /* MKOrderGoods.swift in Sources */,
				1D8967CB1C3D088500998655 /* MKRegisterDataManager.swift in Sources */,
				1D8967C21C3CBE5B00998655 /* MKUnderLineLabel.swift in Sources */,
				1D8967E11C3FCDB200998655 /* MKBaseGoods.swift in Sources */,
				1D258E931C43831D0015EA93 /* MKOrder.swift in Sources */,
				1DC5C5731C2804C100DAACB1 /* MKFindPswDetailViewController.swift in Sources */,
				1D258E991C438A090015EA93 /* MKGoodsExceptionData.swift in Sources */,
				1D6795301C229AF400A37A83 /* MKOrderViewController.swift in Sources */,
				1D258EA11C43B09D0015EA93 /* MKOrderConfirm.swift in Sources */,
				1D258EA31C43B0E10015EA93 /* MKShippingTime.swift in Sources */,
				1D8967BD1C3A527300998655 /* NSError+WC.m in Sources */,
				1D67953C1C22D42100A37A83 /* MKListTabBarViewController.swift in Sources */,
				1D633BF11C2171550068E44D /* MKBaseViewController.swift in Sources */,
				1D258E9D1C438EC30015EA93 /* MKOrderPromotion.swift in Sources */,
				1D258E911C4381650015EA93 /* MKOrderAccess.swift in Sources */,
				1D8967C41C3CC5E800998655 /* MKSeparateView.swift in Sources */,
				1DA4A3A51C2CF437009599CB /* MKRegisterModel.swift in Sources */,
				1D8A3CB61C28F267001344B2 /* MKBaseWebService.swift in Sources */,
				1D633BEF1C2171460068E44D /* MKBaseTableViewController.swift in Sources */,
				1D8A3CC11C2A9DEE001344B2 /* MKBaseModel.swift in Sources */,
				1D258EAD1C4509A40015EA93 /* MKBaseTableViewCell.swift in Sources */,
				1D8967C01C3A9CA500998655 /* UIViewEllipse.swift in Sources */,
				1D633BED1C2171320068E44D /* MKBaseNavViewController.swift in Sources */,
				1D258E8D1C434FB30015EA93 /* MKRestoreGoods.swift in Sources */,
				1D633BF31C2171720068E44D /* MKBaseCollectionViewController.swift in Sources */,
				1D633BF81C21727D0068E44D /* MKViewControllerManager.swift in Sources */,
				1D258EB11C45123B0015EA93 /* MKMyOrderGoodsView.swift in Sources */,
				1D6795271C229A9200A37A83 /* MKHomeViewController.swift in Sources */,
				1D258E8F1C4380C50015EA93 /* MKMyOrderManager.swift in Sources */,
				1D8967DA1C3F9C9D00998655 /* MKMyOrderProtocol.swift in Sources */,
				1D8967D51C3E36B300998655 /* UIViewControllerExtention.swift in Sources */,
				1D8967CF1C3D13AD00998655 /* StringExtention.swift in Sources */,
				1D67953A1C22A1FB00A37A83 /* MKLoaderViewManager.swift in Sources */,
				1DF5F23E1C35213C0077F10F /* MKLoginModel.swift in Sources */,
				1D6795361C229B2D00A37A83 /* MKSettingViewController.swift in Sources */,
				1D8967B51C3A4C9900998655 /* Reachability.m in Sources */,
				1D8A3CBF1C2A9A8C001344B2 /* MKLoginManager.swift in Sources */,
				1DF5F23C1C3514A50077F10F /* MKCodeModel.swift in Sources */,
				1D258E951C4385B60015EA93 /* MKOrderChangeDeliver.swift in Sources */,
				1D258EAF1C450AA50015EA93 /* MKMyOrderCell.swift in Sources */,
				1D8967D11C3D200700998655 /* MKWebViewController.swift in Sources */,
				1D258EAA1C44D2BE0015EA93 /* MKDictionaryExtention.swift in Sources */,
				1D8A3CB81C2917B1001344B2 /* MKGlobalHeader.swift in Sources */,
				1DC5C56D1C28048B00DAACB1 /* MKLoginViewController.swift in Sources */,
				1DC5C5711C2804AB00DAACB1 /* MKFindPswViewController.swift in Sources */,
				1D8967C91C3CF76400998655 /* MKBaseDataManager.swift in Sources */,
				1D8967B01C3A496100998655 /* MBProgressHUD+Add.m in Sources */,
				1D67952D1C229AD700A37A83 /* MKCartsViewController.swift in Sources */,
				1D258E9F1C43AD760015EA93 /* MKAddress.swift in Sources */,
				1DC5C56F1C28049800DAACB1 /* MKRegisterViewController.swift in Sources */,
				1D6795331C229B1000A37A83 /* MKProfileViewController.swift in Sources */,
				1D8967DF1C3F9EDD00998655 /* MKBaseOrder.swift in Sources */,
				1D67952A1C229ABC00A37A83 /* FileterViewController.swift in Sources */,
				1D8967CD1C3D0B7100998655 /* MKThread.swift in Sources */,
			);
			runOnlyForDeploymentPostprocessing = 0;
		};
		1D633BC81C216FD00068E44D /* Sources */ = {
			isa = PBXSourcesBuildPhase;
			buildActionMask = 2147483647;
			files = (
				1D633BD11C216FD00068E44D /* MyKitchenTests.swift in Sources */,
			);
			runOnlyForDeploymentPostprocessing = 0;
		};
		1D633BD31C216FD00068E44D /* Sources */ = {
			isa = PBXSourcesBuildPhase;
			buildActionMask = 2147483647;
			files = (
				1D633BDC1C216FD00068E44D /* MyKitchenUITests.swift in Sources */,
			);
			runOnlyForDeploymentPostprocessing = 0;
		};
/* End PBXSourcesBuildPhase section */

/* Begin PBXTargetDependency section */
		1D633BCE1C216FD00068E44D /* PBXTargetDependency */ = {
			isa = PBXTargetDependency;
			target = 1D633BB71C216FD00068E44D /* MyKitchen */;
			targetProxy = 1D633BCD1C216FD00068E44D /* PBXContainerItemProxy */;
		};
		1D633BD91C216FD00068E44D /* PBXTargetDependency */ = {
			isa = PBXTargetDependency;
			target = 1D633BB71C216FD00068E44D /* MyKitchen */;
			targetProxy = 1D633BD81C216FD00068E44D /* PBXContainerItemProxy */;
		};
/* End PBXTargetDependency section */

/* Begin PBXVariantGroup section */
		1D633BBF1C216FD00068E44D /* Main.storyboard */ = {
			isa = PBXVariantGroup;
			children = (
				1D633BC01C216FD00068E44D /* Base */,
			);
			name = Main.storyboard;
			sourceTree = "<group>";
		};
		1D633BC41C216FD00068E44D /* LaunchScreen.storyboard */ = {
			isa = PBXVariantGroup;
			children = (
				1D633BC51C216FD00068E44D /* Base */,
			);
			name = LaunchScreen.storyboard;
			sourceTree = "<group>";
		};
/* End PBXVariantGroup section */

/* Begin XCBuildConfiguration section */
		1D633BDE1C216FD00068E44D /* Debug */ = {
			isa = XCBuildConfiguration;
			buildSettings = {
				ALWAYS_SEARCH_USER_PATHS = NO;
				CLANG_CXX_LANGUAGE_STANDARD = "gnu++0x";
				CLANG_CXX_LIBRARY = "libc++";
				CLANG_ENABLE_MODULES = YES;
				CLANG_ENABLE_OBJC_ARC = YES;
				CLANG_WARN_BOOL_CONVERSION = YES;
				CLANG_WARN_CONSTANT_CONVERSION = YES;
				CLANG_WARN_DIRECT_OBJC_ISA_USAGE = YES_ERROR;
				CLANG_WARN_EMPTY_BODY = YES;
				CLANG_WARN_ENUM_CONVERSION = YES;
				CLANG_WARN_INT_CONVERSION = YES;
				CLANG_WARN_OBJC_ROOT_CLASS = YES_ERROR;
				CLANG_WARN_UNREACHABLE_CODE = YES;
				CLANG_WARN__DUPLICATE_METHOD_MATCH = YES;
				"CODE_SIGN_IDENTITY[sdk=iphoneos*]" = "iPhone Developer";
				COPY_PHASE_STRIP = NO;
				DEBUG_INFORMATION_FORMAT = dwarf;
				ENABLE_STRICT_OBJC_MSGSEND = YES;
				ENABLE_TESTABILITY = YES;
				GCC_C_LANGUAGE_STANDARD = gnu99;
				GCC_DYNAMIC_NO_PIC = NO;
				GCC_NO_COMMON_BLOCKS = YES;
				GCC_OPTIMIZATION_LEVEL = 0;
				GCC_PREPROCESSOR_DEFINITIONS = (
					"DEBUG=1",
					"$(inherited)",
				);
				GCC_WARN_64_TO_32_BIT_CONVERSION = YES;
				GCC_WARN_ABOUT_RETURN_TYPE = YES_ERROR;
				GCC_WARN_UNDECLARED_SELECTOR = YES;
				GCC_WARN_UNINITIALIZED_AUTOS = YES_AGGRESSIVE;
				GCC_WARN_UNUSED_FUNCTION = YES;
				GCC_WARN_UNUSED_VARIABLE = YES;
				IPHONEOS_DEPLOYMENT_TARGET = 9.2;
				MTL_ENABLE_DEBUG_INFO = YES;
				ONLY_ACTIVE_ARCH = YES;
				SDKROOT = iphoneos;
				SWIFT_OPTIMIZATION_LEVEL = "-Onone";
				TARGETED_DEVICE_FAMILY = "1,2";
			};
			name = Debug;
		};
		1D633BDF1C216FD00068E44D /* Release */ = {
			isa = XCBuildConfiguration;
			buildSettings = {
				ALWAYS_SEARCH_USER_PATHS = NO;
				CLANG_CXX_LANGUAGE_STANDARD = "gnu++0x";
				CLANG_CXX_LIBRARY = "libc++";
				CLANG_ENABLE_MODULES = YES;
				CLANG_ENABLE_OBJC_ARC = YES;
				CLANG_WARN_BOOL_CONVERSION = YES;
				CLANG_WARN_CONSTANT_CONVERSION = YES;
				CLANG_WARN_DIRECT_OBJC_ISA_USAGE = YES_ERROR;
				CLANG_WARN_EMPTY_BODY = YES;
				CLANG_WARN_ENUM_CONVERSION = YES;
				CLANG_WARN_INT_CONVERSION = YES;
				CLANG_WARN_OBJC_ROOT_CLASS = YES_ERROR;
				CLANG_WARN_UNREACHABLE_CODE = YES;
				CLANG_WARN__DUPLICATE_METHOD_MATCH = YES;
				"CODE_SIGN_IDENTITY[sdk=iphoneos*]" = "iPhone Developer";
				COPY_PHASE_STRIP = NO;
				DEBUG_INFORMATION_FORMAT = "dwarf-with-dsym";
				ENABLE_NS_ASSERTIONS = NO;
				ENABLE_STRICT_OBJC_MSGSEND = YES;
				GCC_C_LANGUAGE_STANDARD = gnu99;
				GCC_NO_COMMON_BLOCKS = YES;
				GCC_WARN_64_TO_32_BIT_CONVERSION = YES;
				GCC_WARN_ABOUT_RETURN_TYPE = YES_ERROR;
				GCC_WARN_UNDECLARED_SELECTOR = YES;
				GCC_WARN_UNINITIALIZED_AUTOS = YES_AGGRESSIVE;
				GCC_WARN_UNUSED_FUNCTION = YES;
				GCC_WARN_UNUSED_VARIABLE = YES;
				IPHONEOS_DEPLOYMENT_TARGET = 9.2;
				MTL_ENABLE_DEBUG_INFO = NO;
				SDKROOT = iphoneos;
				TARGETED_DEVICE_FAMILY = "1,2";
				VALIDATE_PRODUCT = YES;
			};
			name = Release;
		};
		1D633BE11C216FD00068E44D /* Debug */ = {
			isa = XCBuildConfiguration;
			baseConfigurationReference = 850BEE8113234BEB658DC36C /* Pods.debug.xcconfig */;
			buildSettings = {
				ASSETCATALOG_COMPILER_APPICON_NAME = AppIcon;
				CLANG_ENABLE_MODULES = YES;
				CODE_SIGN_IDENTITY = "iPhone Developer";
				INFOPLIST_FILE = MyKitchen/Info.plist;
				LD_RUNPATH_SEARCH_PATHS = "$(inherited) @executable_path/Frameworks";
				PRODUCT_BUNDLE_IDENTIFIER = Wochu.MyKitchen;
				PRODUCT_NAME = "$(TARGET_NAME)";
				SWIFT_OBJC_BRIDGING_HEADER = "MyKitchen/Common/MyKitchen-Bridging-Header.h";
				SWIFT_OPTIMIZATION_LEVEL = "-Onone";
			};
			name = Debug;
		};
		1D633BE21C216FD00068E44D /* Release */ = {
			isa = XCBuildConfiguration;
			baseConfigurationReference = 01E031E36EF425C5546E46AB /* Pods.release.xcconfig */;
			buildSettings = {
				ASSETCATALOG_COMPILER_APPICON_NAME = AppIcon;
				CLANG_ENABLE_MODULES = YES;
				CODE_SIGN_IDENTITY = "iPhone Developer";
				INFOPLIST_FILE = MyKitchen/Info.plist;
				LD_RUNPATH_SEARCH_PATHS = "$(inherited) @executable_path/Frameworks";
				PRODUCT_BUNDLE_IDENTIFIER = Wochu.MyKitchen;
				PRODUCT_NAME = "$(TARGET_NAME)";
				SWIFT_OBJC_BRIDGING_HEADER = "MyKitchen/Common/MyKitchen-Bridging-Header.h";
			};
			name = Release;
		};
		1D633BE41C216FD00068E44D /* Debug */ = {
			isa = XCBuildConfiguration;
			buildSettings = {
				BUNDLE_LOADER = "$(TEST_HOST)";
				INFOPLIST_FILE = MyKitchenTests/Info.plist;
				LD_RUNPATH_SEARCH_PATHS = "$(inherited) @executable_path/Frameworks @loader_path/Frameworks";
				PRODUCT_BUNDLE_IDENTIFIER = Wochu.MyKitchenTests;
				PRODUCT_NAME = "$(TARGET_NAME)";
				TEST_HOST = "$(BUILT_PRODUCTS_DIR)/MyKitchen.app/MyKitchen";
			};
			name = Debug;
		};
		1D633BE51C216FD00068E44D /* Release */ = {
			isa = XCBuildConfiguration;
			buildSettings = {
				BUNDLE_LOADER = "$(TEST_HOST)";
				INFOPLIST_FILE = MyKitchenTests/Info.plist;
				LD_RUNPATH_SEARCH_PATHS = "$(inherited) @executable_path/Frameworks @loader_path/Frameworks";
				PRODUCT_BUNDLE_IDENTIFIER = Wochu.MyKitchenTests;
				PRODUCT_NAME = "$(TARGET_NAME)";
				TEST_HOST = "$(BUILT_PRODUCTS_DIR)/MyKitchen.app/MyKitchen";
			};
			name = Release;
		};
		1D633BE71C216FD00068E44D /* Debug */ = {
			isa = XCBuildConfiguration;
			buildSettings = {
				INFOPLIST_FILE = MyKitchenUITests/Info.plist;
				LD_RUNPATH_SEARCH_PATHS = "$(inherited) @executable_path/Frameworks @loader_path/Frameworks";
				PRODUCT_BUNDLE_IDENTIFIER = Wochu.MyKitchenUITests;
				PRODUCT_NAME = "$(TARGET_NAME)";
				TEST_TARGET_NAME = MyKitchen;
				USES_XCTRUNNER = YES;
			};
			name = Debug;
		};
		1D633BE81C216FD00068E44D /* Release */ = {
			isa = XCBuildConfiguration;
			buildSettings = {
				INFOPLIST_FILE = MyKitchenUITests/Info.plist;
				LD_RUNPATH_SEARCH_PATHS = "$(inherited) @executable_path/Frameworks @loader_path/Frameworks";
				PRODUCT_BUNDLE_IDENTIFIER = Wochu.MyKitchenUITests;
				PRODUCT_NAME = "$(TARGET_NAME)";
				TEST_TARGET_NAME = MyKitchen;
				USES_XCTRUNNER = YES;
			};
			name = Release;
		};
/* End XCBuildConfiguration section */

/* Begin XCConfigurationList section */
		1D633BB31C216FD00068E44D /* Build configuration list for PBXProject "MyKitchen" */ = {
			isa = XCConfigurationList;
			buildConfigurations = (
				1D633BDE1C216FD00068E44D /* Debug */,
				1D633BDF1C216FD00068E44D /* Release */,
			);
			defaultConfigurationIsVisible = 0;
			defaultConfigurationName = Release;
		};
		1D633BE01C216FD00068E44D /* Build configuration list for PBXNativeTarget "MyKitchen" */ = {
			isa = XCConfigurationList;
			buildConfigurations = (
				1D633BE11C216FD00068E44D /* Debug */,
				1D633BE21C216FD00068E44D /* Release */,
			);
			defaultConfigurationIsVisible = 0;
			defaultConfigurationName = Release;
		};
		1D633BE31C216FD00068E44D /* Build configuration list for PBXNativeTarget "MyKitchenTests" */ = {
			isa = XCConfigurationList;
			buildConfigurations = (
				1D633BE41C216FD00068E44D /* Debug */,
				1D633BE51C216FD00068E44D /* Release */,
			);
			defaultConfigurationIsVisible = 0;
			defaultConfigurationName = Release;
		};
		1D633BE61C216FD00068E44D /* Build configuration list for PBXNativeTarget "MyKitchenUITests" */ = {
			isa = XCConfigurationList;
			buildConfigurations = (
				1D633BE71C216FD00068E44D /* Debug */,
				1D633BE81C216FD00068E44D /* Release */,
			);
			defaultConfigurationIsVisible = 0;
			defaultConfigurationName = Release;
		};
/* End XCConfigurationList section */
	};
	rootObject = 1D633BB01C216FD00068E44D /* Project object */;
}
